
Microsoft Visual Studio Solution File, Format Version 12.00
# Visual Studio Version 17
VisualStudioVersion = 17.10.35013.160
MinimumVisualStudioVersion = 10.0.40219.1
Project("{FAE04EC0-301F-11D3-BF4B-00C04F79EFBC}") = "LogsDocker", "LogsDocker\LogsDocker.csproj", "{E3610C2C-F6E2-43AC-A069-7D99413D74CF}"
EndProject
Global
	GlobalSection(SolutionConfigurationPlatforms) = preSolution
		Debug|Any CPU = Debug|Any CPU
		Release|Any CPU = Release|Any CPU
	EndGlobalSection
	GlobalSection(ProjectConfigurationPlatforms) = postSolution
		{E3610C2C-F6E2-43AC-A069-7D99413D74CF}.Debug|Any CPU.ActiveCfg = Debug|Any CPU
		{E3610C2C-F6E2-43AC-A069-7D99413D74CF}.Debug|Any CPU.Build.0 = Debug|Any CPU
		{E3610C2C-F6E2-43AC-A069-7D99413D74CF}.Release|Any CPU.ActiveCfg = Release|Any CPU
		{E3610C2C-F6E2-43AC-A069-7D99413D74CF}.Release|Any CPU.Build.0 = Release|Any CPU
	EndGlobalSection
	GlobalSection(SolutionProperties) = preSolution
		HideSolutionNode = FALSE
	EndGlobalSection
	GlobalSection(ExtensibilityGlobals) = postSolution
		SolutionGuid = {91D0C8C0-0C9B-488E-B62F-08521693A7F8}
	EndGlobalSection
EndGlobal
